// !$*UTF8*$!
{
	archiveVersion = 1;
	classes = {
	};
	objectVersion = 46;
	objects = {

/* Begin PBXBuildFile section */
		DC37B8661B3375E70041F93C /* ObjectiveWMM.h in Headers */ = {isa = PBXBuildFile; fileRef = DC70A01A1A400ED50055DCDE /* ObjectiveWMM.h */; settings = {ATTRIBUTES = (Public, ); }; };
		DC709FCC1A3FDB2E0055DCDE /* CCMagneticDeclination.h in Headers */ = {isa = PBXBuildFile; fileRef = DC709FB11A3FDB2E0055DCDE /* CCMagneticDeclination.h */; settings = {ATTRIBUTES = (Public, ); }; };
		DC709FCD1A3FDB2E0055DCDE /* CCMagneticDeclination.m in Sources */ = {isa = PBXBuildFile; fileRef = DC709FB21A3FDB2E0055DCDE /* CCMagneticDeclination.m */; };
		DC709FCE1A3FDB2E0055DCDE /* CCMagneticModel.h in Headers */ = {isa = PBXBuildFile; fileRef = DC709FB31A3FDB2E0055DCDE /* CCMagneticModel.h */; settings = {ATTRIBUTES = (Public, ); }; };
		DC709FCF1A3FDB2E0055DCDE /* CCMagneticModel.m in Sources */ = {isa = PBXBuildFile; fileRef = DC709FB41A3FDB2E0055DCDE /* CCMagneticModel.m */; };
		DC709FD91A3FDB2F0055DCDE /* NSDate+DecimalYear.h in Headers */ = {isa = PBXBuildFile; fileRef = DC709FC01A3FDB2E0055DCDE /* NSDate+DecimalYear.h */; };
		DC709FDA1A3FDB2F0055DCDE /* NSDate+DecimalYear.m in Sources */ = {isa = PBXBuildFile; fileRef = DC709FC11A3FDB2E0055DCDE /* NSDate+DecimalYear.m */; };
		DC709FDD1A3FDB2F0055DCDE /* EGM9615.h in Headers */ = {isa = PBXBuildFile; fileRef = DC709FC51A3FDB2E0055DCDE /* EGM9615.h */; };
		DC709FDE1A3FDB2F0055DCDE /* GeomagnetismHeader.h in Headers */ = {isa = PBXBuildFile; fileRef = DC709FC61A3FDB2E0055DCDE /* GeomagnetismHeader.h */; };
		DC709FDF1A3FDB2F0055DCDE /* GeomagnetismLibrary.c in Sources */ = {isa = PBXBuildFile; fileRef = DC709FC71A3FDB2E0055DCDE /* GeomagnetismLibrary.c */; };
		DC709FE01A3FDB2F0055DCDE /* PUBLIC_DOMAIN in Resources */ = {isa = PBXBuildFile; fileRef = DC709FC81A3FDB2E0055DCDE /* PUBLIC_DOMAIN */; };
		DC709FE41A3FDC440055DCDE /* CoreLocation.framework in Frameworks */ = {isa = PBXBuildFile; fileRef = DC709FE31A3FDC440055DCDE /* CoreLocation.framework */; };
		DC709FEB1A3FDDE30055DCDE /* DeclinationTests.m in Sources */ = {isa = PBXBuildFile; fileRef = DC709FEA1A3FDDE30055DCDE /* DeclinationTests.m */; };
		DC709FEF1A3FE4A00055DCDE /* WMM.COF in Resources */ = {isa = PBXBuildFile; fileRef = DC709FEE1A3FE4A00055DCDE /* WMM.COF */; };
		DC71D8DD197E067F00C665CB /* ObjectiveWMM.framework in Frameworks */ = {isa = PBXBuildFile; fileRef = DC71D8D1197E067F00C665CB /* ObjectiveWMM.framework */; };
/* End PBXBuildFile section */

/* Begin PBXContainerItemProxy section */
		DC71D8DE197E067F00C665CB /* PBXContainerItemProxy */ = {
			isa = PBXContainerItemProxy;
			containerPortal = DC71D8C8197E067F00C665CB /* Project object */;
			proxyType = 1;
			remoteGlobalIDString = DC71D8D0197E067F00C665CB;
			remoteInfo = meeus64;
		};
/* End PBXContainerItemProxy section */

/* Begin PBXFileReference section */
		DC709FB11A3FDB2E0055DCDE /* CCMagneticDeclination.h */ = {isa = PBXFileReference; fileEncoding = 4; lastKnownFileType = sourcecode.c.h; path = CCMagneticDeclination.h; sourceTree = "<group>"; };
		DC709FB21A3FDB2E0055DCDE /* CCMagneticDeclination.m */ = {isa = PBXFileReference; fileEncoding = 4; lastKnownFileType = sourcecode.c.objc; path = CCMagneticDeclination.m; sourceTree = "<group>"; };
		DC709FB31A3FDB2E0055DCDE /* CCMagneticModel.h */ = {isa = PBXFileReference; fileEncoding = 4; lastKnownFileType = sourcecode.c.h; path = CCMagneticModel.h; sourceTree = "<group>"; };
		DC709FB41A3FDB2E0055DCDE /* CCMagneticModel.m */ = {isa = PBXFileReference; fileEncoding = 4; lastKnownFileType = sourcecode.c.objc; path = CCMagneticModel.m; sourceTree = "<group>"; };
		DC709FC01A3FDB2E0055DCDE /* NSDate+DecimalYear.h */ = {isa = PBXFileReference; fileEncoding = 4; lastKnownFileType = sourcecode.c.h; path = "NSDate+DecimalYear.h"; sourceTree = "<group>"; };
		DC709FC11A3FDB2E0055DCDE /* NSDate+DecimalYear.m */ = {isa = PBXFileReference; fileEncoding = 4; lastKnownFileType = sourcecode.c.objc; path = "NSDate+DecimalYear.m"; sourceTree = "<group>"; };
		DC709FC51A3FDB2E0055DCDE /* EGM9615.h */ = {isa = PBXFileReference; fileEncoding = 4; lastKnownFileType = sourcecode.c.h; path = EGM9615.h; sourceTree = "<group>"; };
		DC709FC61A3FDB2E0055DCDE /* GeomagnetismHeader.h */ = {isa = PBXFileReference; fileEncoding = 4; lastKnownFileType = sourcecode.c.h; path = GeomagnetismHeader.h; sourceTree = "<group>"; };
		DC709FC71A3FDB2E0055DCDE /* GeomagnetismLibrary.c */ = {isa = PBXFileReference; fileEncoding = 4; lastKnownFileType = sourcecode.c.c; path = GeomagnetismLibrary.c; sourceTree = "<group>"; };
		DC709FC81A3FDB2E0055DCDE /* PUBLIC_DOMAIN */ = {isa = PBXFileReference; fileEncoding = 4; lastKnownFileType = text; path = PUBLIC_DOMAIN; sourceTree = "<group>"; };
		DC709FE31A3FDC440055DCDE /* CoreLocation.framework */ = {isa = PBXFileReference; lastKnownFileType = wrapper.framework; name = CoreLocation.framework; path = System/Library/Frameworks/CoreLocation.framework; sourceTree = SDKROOT; };
		DC709FE61A3FDD5E0055DCDE /* Info.plist */ = {isa = PBXFileReference; fileEncoding = 4; lastKnownFileType = text.plist.xml; name = Info.plist; path = ObjectiveWMMTests/Info.plist; sourceTree = SOURCE_ROOT; };
		DC709FE81A3FDD690055DCDE /* Info.plist */ = {isa = PBXFileReference; fileEncoding = 4; lastKnownFileType = text.plist.xml; path = Info.plist; sourceTree = "<group>"; };
		DC709FEA1A3FDDE30055DCDE /* DeclinationTests.m */ = {isa = PBXFileReference; fileEncoding = 4; lastKnownFileType = sourcecode.c.objc; name = DeclinationTests.m; path = ObjectiveWMMTests/DeclinationTests.m; sourceTree = SOURCE_ROOT; };
		DC709FEE1A3FE4A00055DCDE /* WMM.COF */ = {isa = PBXFileReference; fileEncoding = 4; lastKnownFileType = text; path = WMM.COF; sourceTree = "<group>"; };
		DC70A01A1A400ED50055DCDE /* ObjectiveWMM.h */ = {isa = PBXFileReference; lastKnownFileType = sourcecode.c.h; path = ObjectiveWMM.h; sourceTree = "<group>"; };
		DC71D8D1197E067F00C665CB /* ObjectiveWMM.framework */ = {isa = PBXFileReference; explicitFileType = wrapper.framework; includeInIndex = 0; path = ObjectiveWMM.framework; sourceTree = BUILT_PRODUCTS_DIR; };
		DC71D8DC197E067F00C665CB /* ObjectiveWMMTests.xctest */ = {isa = PBXFileReference; explicitFileType = wrapper.cfbundle; includeInIndex = 0; path = ObjectiveWMMTests.xctest; sourceTree = BUILT_PRODUCTS_DIR; };
/* End PBXFileReference section */

/* Begin PBXFrameworksBuildPhase section */
		DC71D8CD197E067F00C665CB /* Frameworks */ = {
			isa = PBXFrameworksBuildPhase;
			buildActionMask = 2147483647;
			files = (
				DC709FE41A3FDC440055DCDE /* CoreLocation.framework in Frameworks */,
			);
			runOnlyForDeploymentPostprocessing = 0;
		};
		DC71D8D9197E067F00C665CB /* Frameworks */ = {
			isa = PBXFrameworksBuildPhase;
			buildActionMask = 2147483647;
			files = (
				DC71D8DD197E067F00C665CB /* ObjectiveWMM.framework in Frameworks */,
			);
			runOnlyForDeploymentPostprocessing = 0;
		};
/* End PBXFrameworksBuildPhase section */

/* Begin PBXGroup section */
		DC709FAE1A3FDB2E0055DCDE /* ObjectiveWMM */ = {
			isa = PBXGroup;
			children = (
				DC709FB11A3FDB2E0055DCDE /* CCMagneticDeclination.h */,
				DC709FB21A3FDB2E0055DCDE /* CCMagneticDeclination.m */,
				DC709FB31A3FDB2E0055DCDE /* CCMagneticModel.h */,
				DC709FB41A3FDB2E0055DCDE /* CCMagneticModel.m */,
				DC709FC01A3FDB2E0055DCDE /* NSDate+DecimalYear.h */,
				DC709FC11A3FDB2E0055DCDE /* NSDate+DecimalYear.m */,
				DC70A01A1A400ED50055DCDE /* ObjectiveWMM.h */,
				DC709FE51A3FDC840055DCDE /* Frameworks */,
				DC709FE21A3FDB9E0055DCDE /* Supporting Files */,
				DC709FC41A3FDB2E0055DCDE /* WMM */,
				DC709FEE1A3FE4A00055DCDE /* WMM.COF */,
			);
			path = ObjectiveWMM;
			sourceTree = "<group>";
		};
		DC709FC41A3FDB2E0055DCDE /* WMM */ = {
			isa = PBXGroup;
			children = (
				DC709FC51A3FDB2E0055DCDE /* EGM9615.h */,
				DC709FC61A3FDB2E0055DCDE /* GeomagnetismHeader.h */,
				DC709FC71A3FDB2E0055DCDE /* GeomagnetismLibrary.c */,
				DC709FC81A3FDB2E0055DCDE /* PUBLIC_DOMAIN */,
			);
			path = WMM;
			sourceTree = "<group>";
		};
		DC709FE21A3FDB9E0055DCDE /* Supporting Files */ = {
			isa = PBXGroup;
			children = (
				DC709FE81A3FDD690055DCDE /* Info.plist */,
			);
			name = "Supporting Files";
			sourceTree = "<group>";
		};
		DC709FE51A3FDC840055DCDE /* Frameworks */ = {
			isa = PBXGroup;
			children = (
				DC709FE31A3FDC440055DCDE /* CoreLocation.framework */,
			);
			name = Frameworks;
			sourceTree = "<group>";
		};
		DC71D8C7197E067F00C665CB = {
			isa = PBXGroup;
			children = (
				DC709FAE1A3FDB2E0055DCDE /* ObjectiveWMM */,
				DC71D8E0197E067F00C665CB /* ObjectiveWMMTests */,
				DC71D8D2197E067F00C665CB /* Products */,
			);
			sourceTree = "<group>";
		};
		DC71D8D2197E067F00C665CB /* Products */ = {
			isa = PBXGroup;
			children = (
				DC71D8D1197E067F00C665CB /* ObjectiveWMM.framework */,
				DC71D8DC197E067F00C665CB /* ObjectiveWMMTests.xctest */,
			);
			name = Products;
			sourceTree = "<group>";
		};
		DC71D8E0197E067F00C665CB /* ObjectiveWMMTests */ = {
			isa = PBXGroup;
			children = (
				DC71D8E1197E067F00C665CB /* Supporting Files */,
				DC709FEA1A3FDDE30055DCDE /* DeclinationTests.m */,
			);
			name = ObjectiveWMMTests;
			path = meeus64Tests;
			sourceTree = "<group>";
		};
		DC71D8E1197E067F00C665CB /* Supporting Files */ = {
			isa = PBXGroup;
			children = (
				DC709FE61A3FDD5E0055DCDE /* Info.plist */,
			);
			name = "Supporting Files";
			sourceTree = "<group>";
		};
/* End PBXGroup section */

/* Begin PBXHeadersBuildPhase section */
		DC71D8CE197E067F00C665CB /* Headers */ = {
			isa = PBXHeadersBuildPhase;
			buildActionMask = 2147483647;
			files = (
				DC37B8661B3375E70041F93C /* ObjectiveWMM.h in Headers */,
				DC709FCC1A3FDB2E0055DCDE /* CCMagneticDeclination.h in Headers */,
				DC709FCE1A3FDB2E0055DCDE /* CCMagneticModel.h in Headers */,
				DC709FDE1A3FDB2F0055DCDE /* GeomagnetismHeader.h in Headers */,
				DC709FDD1A3FDB2F0055DCDE /* EGM9615.h in Headers */,
				DC709FD91A3FDB2F0055DCDE /* NSDate+DecimalYear.h in Headers */,
			);
			runOnlyForDeploymentPostprocessing = 0;
		};
/* End PBXHeadersBuildPhase section */

/* Begin PBXNativeTarget section */
		DC71D8D0197E067F00C665CB /* ObjectiveWMM */ = {
			isa = PBXNativeTarget;
			buildConfigurationList = DC71D8E7197E067F00C665CB /* Build configuration list for PBXNativeTarget "ObjectiveWMM" */;
			buildPhases = (
				DC71D8CC197E067F00C665CB /* Sources */,
				DC71D8CD197E067F00C665CB /* Frameworks */,
				DC71D8CE197E067F00C665CB /* Headers */,
				DC71D8CF197E067F00C665CB /* Resources */,
			);
			buildRules = (
			);
			dependencies = (
			);
			name = ObjectiveWMM;
			productName = meeus64;
			productReference = DC71D8D1197E067F00C665CB /* ObjectiveWMM.framework */;
			productType = "com.apple.product-type.framework";
		};
		DC71D8DB197E067F00C665CB /* ObjectiveWMMTests */ = {
			isa = PBXNativeTarget;
			buildConfigurationList = DC71D8EA197E067F00C665CB /* Build configuration list for PBXNativeTarget "ObjectiveWMMTests" */;
			buildPhases = (
				DC71D8D8197E067F00C665CB /* Sources */,
				DC71D8D9197E067F00C665CB /* Frameworks */,
				DC71D8DA197E067F00C665CB /* Resources */,
			);
			buildRules = (
			);
			dependencies = (
				DC71D8DF197E067F00C665CB /* PBXTargetDependency */,
			);
			name = ObjectiveWMMTests;
			productName = meeus64Tests;
			productReference = DC71D8DC197E067F00C665CB /* ObjectiveWMMTests.xctest */;
			productType = "com.apple.product-type.bundle.unit-test";
		};
/* End PBXNativeTarget section */

/* Begin PBXProject section */
		DC71D8C8197E067F00C665CB /* Project object */ = {
			isa = PBXProject;
			attributes = {
				LastUpgradeCheck = 1020;
				ORGANIZATIONNAME = "Crookneck Consulting LLC";
				TargetAttributes = {
					DC71D8D0197E067F00C665CB = {
						CreatedOnToolsVersion = 6.0;
						DevelopmentTeam = RMH7P6Q49N;
					};
					DC71D8DB197E067F00C665CB = {
						CreatedOnToolsVersion = 6.0;
						DevelopmentTeam = RMH7P6Q49N;
					};
				};
			};
			buildConfigurationList = DC71D8CB197E067F00C665CB /* Build configuration list for PBXProject "ObjectiveWMM" */;
			compatibilityVersion = "Xcode 3.2";
			developmentRegion = en;
			hasScannedForEncodings = 0;
			knownRegions = (
				en,
				Base,
			);
			mainGroup = DC71D8C7197E067F00C665CB;
			productRefGroup = DC71D8D2197E067F00C665CB /* Products */;
			projectDirPath = "";
			projectRoot = "";
			targets = (
				DC71D8D0197E067F00C665CB /* ObjectiveWMM */,
				DC71D8DB197E067F00C665CB /* ObjectiveWMMTests */,
			);
		};
/* End PBXProject section */

/* Begin PBXResourcesBuildPhase section */
		DC71D8CF197E067F00C665CB /* Resources */ = {
			isa = PBXResourcesBuildPhase;
			buildActionMask = 2147483647;
			files = (
				DC709FEF1A3FE4A00055DCDE /* WMM.COF in Resources */,
				DC709FE01A3FDB2F0055DCDE /* PUBLIC_DOMAIN in Resources */,
			);
			runOnlyForDeploymentPostprocessing = 0;
		};
		DC71D8DA197E067F00C665CB /* Resources */ = {
			isa = PBXResourcesBuildPhase;
			buildActionMask = 2147483647;
			files = (
			);
			runOnlyForDeploymentPostprocessing = 0;
		};
/* End PBXResourcesBuildPhase section */

/* Begin PBXSourcesBuildPhase section */
		DC71D8CC197E067F00C665CB /* Sources */ = {
			isa = PBXSourcesBuildPhase;
			buildActionMask = 2147483647;
			files = (
				DC709FDF1A3FDB2F0055DCDE /* GeomagnetismLibrary.c in Sources */,
				DC709FCD1A3FDB2E0055DCDE /* CCMagneticDeclination.m in Sources */,
				DC709FDA1A3FDB2F0055DCDE /* NSDate+DecimalYear.m in Sources */,
				DC709FCF1A3FDB2E0055DCDE /* CCMagneticModel.m in Sources */,
			);
			runOnlyForDeploymentPostprocessing = 0;
		};
		DC71D8D8197E067F00C665CB /* Sources */ = {
			isa = PBXSourcesBuildPhase;
			buildActionMask = 2147483647;
			files = (
				DC709FEB1A3FDDE30055DCDE /* DeclinationTests.m in Sources */,
			);
			runOnlyForDeploymentPostprocessing = 0;
		};
/* End PBXSourcesBuildPhase section */

/* Begin PBXTargetDependency section */
		DC71D8DF197E067F00C665CB /* PBXTargetDependency */ = {
			isa = PBXTargetDependency;
			target = DC71D8D0197E067F00C665CB /* ObjectiveWMM */;
			targetProxy = DC71D8DE197E067F00C665CB /* PBXContainerItemProxy */;
		};
/* End PBXTargetDependency section */

/* Begin XCBuildConfiguration section */
		DC71D8E5197E067F00C665CB /* Debug */ = {
			isa = XCBuildConfiguration;
			buildSettings = {
				ALWAYS_SEARCH_USER_PATHS = NO;
				CLANG_ANALYZER_LOCALIZABILITY_NONLOCALIZED = YES;
				CLANG_CXX_LANGUAGE_STANDARD = "gnu++0x";
				CLANG_CXX_LIBRARY = "libc++";
				CLANG_ENABLE_MODULES = YES;
				CLANG_ENABLE_OBJC_ARC = YES;
				CLANG_WARN_BLOCK_CAPTURE_AUTORELEASING = YES;
				CLANG_WARN_BOOL_CONVERSION = YES;
				CLANG_WARN_COMMA = YES;
				CLANG_WARN_CONSTANT_CONVERSION = YES;
				CLANG_WARN_DEPRECATED_OBJC_IMPLEMENTATIONS = YES;
				CLANG_WARN_DIRECT_OBJC_ISA_USAGE = YES_ERROR;
				CLANG_WARN_EMPTY_BODY = YES;
				CLANG_WARN_ENUM_CONVERSION = YES;
				CLANG_WARN_INFINITE_RECURSION = YES;
				CLANG_WARN_INT_CONVERSION = YES;
				CLANG_WARN_NON_LITERAL_NULL_CONVERSION = YES;
				CLANG_WARN_OBJC_IMPLICIT_RETAIN_SELF = YES;
				CLANG_WARN_OBJC_LITERAL_CONVERSION = YES;
				CLANG_WARN_OBJC_ROOT_CLASS = YES_ERROR;
				CLANG_WARN_RANGE_LOOP_ANALYSIS = YES;
				CLANG_WARN_STRICT_PROTOTYPES = YES;
				CLANG_WARN_SUSPICIOUS_MOVE = YES;
				CLANG_WARN_UNREACHABLE_CODE = YES;
				CLANG_WARN__DUPLICATE_METHOD_MATCH = YES;
				"CODE_SIGN_IDENTITY[sdk=iphoneos*]" = "iPhone Developer";
				COPY_PHASE_STRIP = NO;
				CURRENT_PROJECT_VERSION = 1;
				ENABLE_STRICT_OBJC_MSGSEND = YES;
				ENABLE_TESTABILITY = YES;
				GCC_C_LANGUAGE_STANDARD = gnu99;
				GCC_DYNAMIC_NO_PIC = NO;
				GCC_NO_COMMON_BLOCKS = YES;
				GCC_OPTIMIZATION_LEVEL = 0;
				GCC_PREPROCESSOR_DEFINITIONS = (
					"DEBUG=1",
					"$(inherited)",
				);
				GCC_SYMBOLS_PRIVATE_EXTERN = NO;
				GCC_WARN_64_TO_32_BIT_CONVERSION = YES;
				GCC_WARN_ABOUT_RETURN_TYPE = YES_ERROR;
				GCC_WARN_UNDECLARED_SELECTOR = YES;
				GCC_WARN_UNINITIALIZED_AUTOS = YES_AGGRESSIVE;
				GCC_WARN_UNUSED_FUNCTION = YES;
				GCC_WARN_UNUSED_VARIABLE = YES;
				IPHONEOS_DEPLOYMENT_TARGET = 11.0;
				METAL_ENABLE_DEBUG_INFO = YES;
				ONLY_ACTIVE_ARCH = YES;
				SDKROOT = iphoneos;
				TARGETED_DEVICE_FAMILY = "1,2";
				VERSIONING_SYSTEM = "apple-generic";
				VERSION_INFO_PREFIX = "";
			};
			name = Debug;
		};
		DC71D8E6197E067F00C665CB /* Release */ = {
			isa = XCBuildConfiguration;
			buildSettings = {
				ALWAYS_SEARCH_USER_PATHS = NO;
				CLANG_ANALYZER_LOCALIZABILITY_NONLOCALIZED = YES;
				CLANG_CXX_LANGUAGE_STANDARD = "gnu++0x";
				CLANG_CXX_LIBRARY = "libc++";
				CLANG_ENABLE_MODULES = YES;
				CLANG_ENABLE_OBJC_ARC = YES;
				CLANG_WARN_BLOCK_CAPTURE_AUTORELEASING = YES;
				CLANG_WARN_BOOL_CONVERSION = YES;
				CLANG_WARN_COMMA = YES;
				CLANG_WARN_CONSTANT_CONVERSION = YES;
				CLANG_WARN_DEPRECATED_OBJC_IMPLEMENTATIONS = YES;
				CLANG_WARN_DIRECT_OBJC_ISA_USAGE = YES_ERROR;
				CLANG_WARN_EMPTY_BODY = YES;
				CLANG_WARN_ENUM_CONVERSION = YES;
				CLANG_WARN_INFINITE_RECURSION = YES;
				CLANG_WARN_INT_CONVERSION = YES;
				CLANG_WARN_NON_LITERAL_NULL_CONVERSION = YES;
				CLANG_WARN_OBJC_IMPLICIT_RETAIN_SELF = YES;
				CLANG_WARN_OBJC_LITERAL_CONVERSION = YES;
				CLANG_WARN_OBJC_ROOT_CLASS = YES_ERROR;
				CLANG_WARN_RANGE_LOOP_ANALYSIS = YES;
				CLANG_WARN_STRICT_PROTOTYPES = YES;
				CLANG_WARN_SUSPICIOUS_MOVE = YES;
				CLANG_WARN_UNREACHABLE_CODE = YES;
				CLANG_WARN__DUPLICATE_METHOD_MATCH = YES;
				"CODE_SIGN_IDENTITY[sdk=iphoneos*]" = "iPhone Distribution";
				COPY_PHASE_STRIP = YES;
				CURRENT_PROJECT_VERSION = 1;
				ENABLE_NS_ASSERTIONS = NO;
				ENABLE_STRICT_OBJC_MSGSEND = YES;
				GCC_C_LANGUAGE_STANDARD = gnu99;
				GCC_NO_COMMON_BLOCKS = YES;
				GCC_WARN_64_TO_32_BIT_CONVERSION = YES;
				GCC_WARN_ABOUT_RETURN_TYPE = YES_ERROR;
				GCC_WARN_UNDECLARED_SELECTOR = YES;
				GCC_WARN_UNINITIALIZED_AUTOS = YES_AGGRESSIVE;
				GCC_WARN_UNUSED_FUNCTION = YES;
				GCC_WARN_UNUSED_VARIABLE = YES;
				IPHONEOS_DEPLOYMENT_TARGET = 11.0;
				METAL_ENABLE_DEBUG_INFO = NO;
				SDKROOT = iphoneos;
				TARGETED_DEVICE_FAMILY = "1,2";
				VALIDATE_PRODUCT = YES;
				VERSIONING_SYSTEM = "apple-generic";
				VERSION_INFO_PREFIX = "";
			};
			name = Release;
		};
		DC71D8E8197E067F00C665CB /* Debug */ = {
			isa = XCBuildConfiguration;
			buildSettings = {
				CODE_SIGN_IDENTITY = "";
				"CODE_SIGN_IDENTITY[sdk=iphoneos*]" = "";
				DEBUG_INFORMATION_FORMAT = dwarf;
				DEFINES_MODULE = YES;
				DYLIB_COMPATIBILITY_VERSION = 1;
				DYLIB_CURRENT_VERSION = 1;
				DYLIB_INSTALL_NAME_BASE = "@rpath";
				FRAMEWORK_SEARCH_PATHS = "";
				INFOPLIST_FILE = "$(SRCROOT)/ObjectiveWMM/Info.plist";
				INSTALL_PATH = "$(LOCAL_LIBRARY_DIR)/Frameworks";
				IPHONEOS_DEPLOYMENT_TARGET = 12.0;
				LD_RUNPATH_SEARCH_PATHS = "$(inherited) @executable_path/Frameworks @loader_path/Frameworks";
				MACH_O_TYPE = mh_dylib;
				ONLY_ACTIVE_ARCH = NO;
				OTHER_LDFLAGS = "-ObjC";
				PRODUCT_BUNDLE_IDENTIFIER = "com.crookneckconsulting.$(PRODUCT_NAME:rfc1034identifier)";
				PRODUCT_NAME = ObjectiveWMM;
				PROVISIONING_PROFILE = "";
				SKIP_INSTALL = YES;
			};
			name = Debug;
		};
		DC71D8E9197E067F00C665CB /* Release */ = {
			isa = XCBuildConfiguration;
			buildSettings = {
				CODE_SIGN_IDENTITY = "";
				"CODE_SIGN_IDENTITY[sdk=iphoneos*]" = "";
				DEFINES_MODULE = YES;
				DYLIB_COMPATIBILITY_VERSION = 1;
				DYLIB_CURRENT_VERSION = 1;
				DYLIB_INSTALL_NAME_BASE = "@rpath";
				FRAMEWORK_SEARCH_PATHS = "";
				INFOPLIST_FILE = "$(SRCROOT)/ObjectiveWMM/Info.plist";
				INSTALL_PATH = "$(LOCAL_LIBRARY_DIR)/Frameworks";
				IPHONEOS_DEPLOYMENT_TARGET = 12.0;
				LD_RUNPATH_SEARCH_PATHS = "$(inherited) @executable_path/Frameworks @loader_path/Frameworks";
				MACH_O_TYPE = mh_dylib;
				ONLY_ACTIVE_ARCH = NO;
				OTHER_LDFLAGS = "-ObjC";
				PRODUCT_BUNDLE_IDENTIFIER = "com.crookneckconsulting.$(PRODUCT_NAME:rfc1034identifier)";
				PRODUCT_NAME = ObjectiveWMM;
				PROVISIONING_PROFILE = "";
				SKIP_INSTALL = YES;
			};
			name = Release;
		};
		DC71D8EB197E067F00C665CB /* Debug */ = {
			isa = XCBuildConfiguration;
			buildSettings = {
				DEVELOPMENT_TEAM = RMH7P6Q49N;
				FRAMEWORK_SEARCH_PATHS = (
					"$(SDKROOT)/Developer/Library/Frameworks",
					"$(inherited)",
				);
				GCC_PREPROCESSOR_DEFINITIONS = (
					"DEBUG=1",
					"$(inherited)",
				);
				INFOPLIST_FILE = ObjectiveWMMTests/Info.plist;
				LD_RUNPATH_SEARCH_PATHS = "$(inherited) @executable_path/Frameworks @loader_path/Frameworks";
				METAL_ENABLE_DEBUG_INFO = YES;
				PRODUCT_BUNDLE_IDENTIFIER = "com.crookneckconsulting.${PRODUCT_NAME:rfc1034identifier}";
				PRODUCT_NAME = ObjectiveWMMTests;
			};
			name = Debug;
		};
		DC71D8EC197E067F00C665CB /* Release */ = {
			isa = XCBuildConfiguration;
			buildSettings = {
				DEVELOPMENT_TEAM = RMH7P6Q49N;
				FRAMEWORK_SEARCH_PATHS = (
					"$(SDKROOT)/Developer/Library/Frameworks",
					"$(inherited)",
				);
				INFOPLIST_FILE = ObjectiveWMMTests/Info.plist;
				LD_RUNPATH_SEARCH_PATHS = "$(inherited) @executable_path/Frameworks @loader_path/Frameworks";
				METAL_ENABLE_DEBUG_INFO = NO;
				PRODUCT_BUNDLE_IDENTIFIER = "com.crookneckconsulting.${PRODUCT_NAME:rfc1034identifier}";
				PRODUCT_NAME = ObjectiveWMMTests;
			};
			name = Release;
		};
/* End XCBuildConfiguration section */

/* Begin XCConfigurationList section */
		DC71D8CB197E067F00C665CB /* Build configuration list for PBXProject "ObjectiveWMM" */ = {
			isa = XCConfigurationList;
			buildConfigurations = (
				DC71D8E5197E067F00C665CB /* Debug */,
				DC71D8E6197E067F00C665CB /* Release */,
			);
			defaultConfigurationIsVisible = 0;
			defaultConfigurationName = Release;
		};
		DC71D8E7197E067F00C665CB /* Build configuration list for PBXNativeTarget "ObjectiveWMM" */ = {
			isa = XCConfigurationList;
			buildConfigurations = (
				DC71D8E8197E067F00C665CB /* Debug */,
				DC71D8E9197E067F00C665CB /* Release */,
			);
			defaultConfigurationIsVisible = 0;
			defaultConfigurationName = Release;
		};
		DC71D8EA197E067F00C665CB /* Build configuration list for PBXNativeTarget "ObjectiveWMMTests" */ = {
			isa = XCConfigurationList;
			buildConfigurations = (
				DC71D8EB197E067F00C665CB /* Debug */,
				DC71D8EC197E067F00C665CB /* Release */,
			);
			defaultConfigurationIsVisible = 0;
			defaultConfigurationName = Release;
		};
/* End XCConfigurationList section */
	};
	rootObject = DC71D8C8197E067F00C665CB /* Project object */;
}
